
Microsoft Visual Studio Solution File, Format Version 12.00
Project("{FAE04EC0-301F-11D3-BF4B-00C04F79EFBC}") = "ConsoleApp1", "ConsoleApp1\ConsoleApp1.csproj", "{B8F6E344-4283-4E00-9C19-DB7EE395923B}"
EndProject
Global
	GlobalSection(SolutionConfigurationPlatforms) = preSolution
		Debug|Any CPU = Debug|Any CPU
		Release|Any CPU = Release|Any CPU
	EndGlobalSection
	GlobalSection(ProjectConfigurationPlatforms) = postSolution
		{B8F6E344-4283-4E00-9C19-DB7EE395923B}.Debug|Any CPU.ActiveCfg = Debug|Any CPU
		{B8F6E344-4283-4E00-9C19-DB7EE395923B}.Debug|Any CPU.Build.0 = Debug|Any CPU
		{B8F6E344-4283-4E00-9C19-DB7EE395923B}.Release|Any CPU.ActiveCfg = Release|Any CPU
		{B8F6E344-4283-4E00-9C19-DB7EE395923B}.Release|Any CPU.Build.0 = Release|Any CPU
	EndGlobalSection
EndGlobal
